
Microsoft Visual Studio Solution File, Format Version 12.00
# Visual Studio Version 17
VisualStudioVersion = 17.3.32901.215
MinimumVisualStudioVersion = 10.0.40219.1
Project("{FAE04EC0-301F-11D3-BF4B-00C04F79EFBC}") = "ThreadStudy", "ThreadStudy.csproj", "{50D4EC21-94B5-42F0-AC24-B206E5C47D30}"
EndProject
Global
	GlobalSection(SolutionConfigurationPlatforms) = preSolution
		Debug|Any CPU = Debug|Any CPU
		Release|Any CPU = Release|Any CPU
	EndGlobalSection
	GlobalSection(ProjectConfigurationPlatforms) = postSolution
		{50D4EC21-94B5-42F0-AC24-B206E5C47D30}.Debug|Any CPU.ActiveCfg = Debug|Any CPU
		{50D4EC21-94B5-42F0-AC24-B206E5C47D30}.Debug|Any CPU.Build.0 = Debug|Any CPU
		{50D4EC21-94B5-42F0-AC24-B206E5C47D30}.Release|Any CPU.ActiveCfg = Release|Any CPU
		{50D4EC21-94B5-42F0-AC24-B206E5C47D30}.Release|Any CPU.Build.0 = Release|Any CPU
	EndGlobalSection
	GlobalSection(SolutionProperties) = preSolution
		HideSolutionNode = FALSE
	EndGlobalSection
	GlobalSection(ExtensibilityGlobals) = postSolution
		SolutionGuid = {80D2DFA1-531A-489F-9E1F-4110755319CB}
	EndGlobalSection
EndGlobal
